
Microsoft Visual Studio Solution File, Format Version 12.00
# Visual Studio Version 16
VisualStudioVersion = 16.0.31410.357
MinimumVisualStudioVersion = 10.0.40219.1
Project("{FAE04EC0-301F-11D3-BF4B-00C04F79EFBC}") = "TeslasuitAlyx", "TeslasuitAlyx\TeslasuitAlyx.csproj", "{35C542B7-BC4B-4B15-9F76-3660557D8811}"
EndProject
Global
	GlobalSection(SolutionConfigurationPlatforms) = preSolution
		Debug|Any CPU = Debug|Any CPU
		Release|Any CPU = Release|Any CPU
	EndGlobalSection
	GlobalSection(ProjectConfigurationPlatforms) = postSolution
		{35C542B7-BC4B-4B15-9F76-3660557D8811}.Debug|Any CPU.ActiveCfg = Debug|Any CPU
		{35C542B7-BC4B-4B15-9F76-3660557D8811}.Debug|Any CPU.Build.0 = Debug|Any CPU
		{35C542B7-BC4B-4B15-9F76-3660557D8811}.Release|Any CPU.ActiveCfg = Release|Any CPU
		{35C542B7-BC4B-4B15-9F76-3660557D8811}.Release|Any CPU.Build.0 = Release|Any CPU
	EndGlobalSection
	GlobalSection(SolutionProperties) = preSolution
		HideSolutionNode = FALSE
	EndGlobalSection
	GlobalSection(ExtensibilityGlobals) = postSolution
		SolutionGuid = {068FBE8D-4E44-43EF-AB3D-4D68CF35A2C6}
	EndGlobalSection
EndGlobal
